
Microsoft Visual Studio Solution File, Format Version 12.00
# Visual Studio Version 17
VisualStudioVersion = 17.3.32611.2
MinimumVisualStudioVersion = 10.0.40219.1
Project("{9A19103F-16F7-4668-BE54-9A1E7A4F7556}") = "PeopleAccounting", "PeopleAccounting\PeopleAccounting.csproj", "{4AD1C227-B067-4A93-A861-B7052105E86A}"
EndProject
Project("{FAE04EC0-301F-11D3-BF4B-00C04F79EFBC}") = "RotatingQuadrilateral", "RotatingQuadrilateral\RotatingQuadrilateral.csproj", "{ADC3C471-36C6-4B2B-81AE-CE3C27B1FFA9}"
EndProject
Project("{FAE04EC0-301F-11D3-BF4B-00C04F79EFBC}") = "PeopleAccountingWinForms", "PeopleAccountingWinForms\PeopleAccountingWinForms.csproj", "{22D62C56-221E-49F5-94A2-A2E0E3CB59B6}"
EndProject
Global
	GlobalSection(SolutionConfigurationPlatforms) = preSolution
		Debug|Any CPU = Debug|Any CPU
		Release|Any CPU = Release|Any CPU
	EndGlobalSection
	GlobalSection(ProjectConfigurationPlatforms) = postSolution
		{4AD1C227-B067-4A93-A861-B7052105E86A}.Debug|Any CPU.ActiveCfg = Debug|Any CPU
		{4AD1C227-B067-4A93-A861-B7052105E86A}.Debug|Any CPU.Build.0 = Debug|Any CPU
		{4AD1C227-B067-4A93-A861-B7052105E86A}.Release|Any CPU.ActiveCfg = Release|Any CPU
		{4AD1C227-B067-4A93-A861-B7052105E86A}.Release|Any CPU.Build.0 = Release|Any CPU
		{ADC3C471-36C6-4B2B-81AE-CE3C27B1FFA9}.Debug|Any CPU.ActiveCfg = Debug|Any CPU
		{ADC3C471-36C6-4B2B-81AE-CE3C27B1FFA9}.Debug|Any CPU.Build.0 = Debug|Any CPU
		{ADC3C471-36C6-4B2B-81AE-CE3C27B1FFA9}.Release|Any CPU.ActiveCfg = Release|Any CPU
		{ADC3C471-36C6-4B2B-81AE-CE3C27B1FFA9}.Release|Any CPU.Build.0 = Release|Any CPU
		{22D62C56-221E-49F5-94A2-A2E0E3CB59B6}.Debug|Any CPU.ActiveCfg = Debug|Any CPU
		{22D62C56-221E-49F5-94A2-A2E0E3CB59B6}.Debug|Any CPU.Build.0 = Debug|Any CPU
		{22D62C56-221E-49F5-94A2-A2E0E3CB59B6}.Release|Any CPU.ActiveCfg = Release|Any CPU
		{22D62C56-221E-49F5-94A2-A2E0E3CB59B6}.Release|Any CPU.Build.0 = Release|Any CPU
	EndGlobalSection
	GlobalSection(SolutionProperties) = preSolution
		HideSolutionNode = FALSE
	EndGlobalSection
	GlobalSection(ExtensibilityGlobals) = postSolution
		SolutionGuid = {C19F50CA-378F-4D6F-9FEA-0726AA6EF210}
	EndGlobalSection
EndGlobal
